
Microsoft Visual Studio Solution File, Format Version 12.00
# Visual Studio Version 17
VisualStudioVersion = 17.8.34316.72
MinimumVisualStudioVersion = 10.0.40219.1
Project("{FAE04EC0-301F-11D3-BF4B-00C04F79EFBC}") = "ETickets", "ETickets\ETickets.csproj", "{A722D1A8-72E9-4F52-80DA-922C6A91825B}"
EndProject
Global
	GlobalSection(SolutionConfigurationPlatforms) = preSolution
		Debug|Any CPU = Debug|Any CPU
		Release|Any CPU = Release|Any CPU
	EndGlobalSection
	GlobalSection(ProjectConfigurationPlatforms) = postSolution
		{A722D1A8-72E9-4F52-80DA-922C6A91825B}.Debug|Any CPU.ActiveCfg = Debug|Any CPU
		{A722D1A8-72E9-4F52-80DA-922C6A91825B}.Debug|Any CPU.Build.0 = Debug|Any CPU
		{A722D1A8-72E9-4F52-80DA-922C6A91825B}.Release|Any CPU.ActiveCfg = Release|Any CPU
		{A722D1A8-72E9-4F52-80DA-922C6A91825B}.Release|Any CPU.Build.0 = Release|Any CPU
	EndGlobalSection
	GlobalSection(SolutionProperties) = preSolution
		HideSolutionNode = FALSE
	EndGlobalSection
	GlobalSection(ExtensibilityGlobals) = postSolution
		SolutionGuid = {65D88EE3-BC5D-4597-8B08-A879744D928E}
	EndGlobalSection
EndGlobal
